github.com/rickb777/date v1.3.0 h1:zGLiWp7KYUTR8qIZGDggglNPwNJHbAfR16KnP1hXspI=
github.com/rickb777/date v1.3.0/go.mod h1:0HIDgCIbk/VxyUI3V3FK3Ztcf4hI9q9nspekpGzDuus=
github.com/rickb777/plural v1.2.0 h1:5tvEc7UBCZ7l8h/2UeybSkt/uu1DQsZFOFdNevmUhlE=
github.com/rickb777/plural v1.2.0/go.mod h1:UdpyWFCGbo3mvK3f/PfZOAOrkjzJlYN/sD46XNWJ+Es=
