github.com/google/go-cmp v0.7.0 h1:wk8382ETsv4JYUZwIsn6YpYiWiBsYLSJiTsyBybVuN8=
github.com/google/go-cmp v0.7.0/go.mod h1:pXiqmnSA92OHEEa9HXL2W4E7lf9JzCmGVUdgjX3N/iU=
github.com/govalues/decimal v0.1.36 h1:dojDpsSvrk0ndAx8+saW5h9WDIHdWpIwrH/yhl9olyU=
github.com/govalues/decimal v0.1.36/go.mod h1:Ee7eI3Llf7hfqDZtpj8Q6NCIgJy1iY3kH1pSwDrNqlM=
github.com/rickb777/date/v2 v2.1.10 h1:7sMLM4U1PGA4fmVMSL0xhRbG46uxQi9rQuHH6wWovgM=
github.com/rickb777/date/v2 v2.1.10/go.mod h1:qWKNpy1ZmjRTaTlybr3cQyWqtxlFKr5leJEdt7Hzqu0=
github.com/rickb777/expect v0.22.0 h1:xlkFlsnotV2QZ4bsNY03blfJ5yJ4TIf3U43lUh4mQyQ=
github.com/rickb777/expect v0.22.0/go.mod h1:NQTOf7atJ/89U2FLV1ghRp5XJDdZ8dV+8iW47kJ9q7c=
github.com/rickb777/period v1.0.14 h1:Ucj/lTa3QwpuXFP9JqOitbmtibCkQsuxq8lLOf3GEBY=
github.com/rickb777/period v1.0.14/go.mod h1:eDPQSeeG0c6g2Fz8/42+VDBttXNCV6TwVe8Magn2IgM=
github.com/rickb777/period v1.0.15 h1:nWR4rgCtImT0CXw5kAsjHv+ExCEFt/18zAySOi7pWI8=
github.com/rickb777/period v1.0.15/go.mod h1:3lWluyeZEk6n1jfLCPG4dH3C0N3NxjmYL4Dmcxip3es=
github.com/rickb777/plural v1.4.4 h1:OpZU8uRr9P2NkYAbkLMwlKNVJyJ5HvRcRBFyXGJtKGI=
github.com/rickb777/plural v1.4.4/go.mod h1:DB19dtrplGS5s6VJVHn7tvmFYPoE83p1xqio3oVnNRM=
