# This file is autogenerated, do not edit; changes may be undone by the next 'dep ensure'.


[[projects]]
  name = "github.com/rickb777/date"
  packages = [
    ".",
    "period",
    "timespan"
  ]
  revision = "faad512c073dcc948069a6f6512305e3f8e03804"
  version = "v1.3.0"

[[projects]]
  name = "github.com/rickb777/plural"
  packages = ["."]
  revision = "7589705ae1b0a218b5389c04b1505e0c8defbc1f"
  version = "v1.2.0"

[solve-meta]
  analyzer-name = "dep"
  analyzer-version = 1
  inputs-digest = "2068c31e3c4ca0e7230a5178c70cdc8de37d458b9e55f2d009dac2c59c05a017"
  solver-name = "gps-cdcl"
  solver-version = 1
